// !$*UTF8*$!
{
	archiveVersion = 1;
	classes = {
	};
	objectVersion = 46;
	objects = {

/* Begin PBXBuildFile section */
		DE3796E61D846C3E00BB4D55 /* main.cpp in Sources */ = {isa = PBXBuildFile; fileRef = DE3796E51D846C3E00BB4D55 /* main.cpp */; };
		DE71C6311D84833200521875 /* ProbB.cpp in Sources */ = {isa = PBXBuildFile; fileRef = DE71C62F1D84833200521875 /* ProbB.cpp */; };
/* End PBXBuildFile section */

/* Begin PBXCopyFilesBuildPhase section */
		DE3796E01D846C3E00BB4D55 /* CopyFiles */ = {
			isa = PBXCopyFilesBuildPhase;
			buildActionMask = 2147483647;
			dstPath = /usr/share/man/man1/;
			dstSubfolderSpec = 0;
			files = (
			);
			runOnlyForDeploymentPostprocessing = 1;
		};
/* End PBXCopyFilesBuildPhase section */

/* Begin PBXFileReference section */
		DE3796E21D846C3E00BB4D55 /* CF-370-P1 */ = {isa = PBXFileReference; explicitFileType = "compiled.mach-o.executable"; includeInIndex = 0; path = "CF-370-P1"; sourceTree = BUILT_PRODUCTS_DIR; };
		DE3796E51D846C3E00BB4D55 /* main.cpp */ = {isa = PBXFileReference; lastKnownFileType = sourcecode.cpp.cpp; path = main.cpp; sourceTree = "<group>"; };
		DE71C62F1D84833200521875 /* ProbB.cpp */ = {isa = PBXFileReference; fileEncoding = 4; lastKnownFileType = sourcecode.cpp.cpp; path = ProbB.cpp; sourceTree = "<group>"; };
/* End PBXFileReference section */

/* Begin PBXFrameworksBuildPhase section */
		DE3796DF1D846C3E00BB4D55 /* Frameworks */ = {
			isa = PBXFrameworksBuildPhase;
			buildActionMask = 2147483647;
			files = (
			);
			runOnlyForDeploymentPostprocessing = 0;
		};
/* End PBXFrameworksBuildPhase section */

/* Begin PBXGroup section */
		DE3796D91D846C3E00BB4D55 = {
			isa = PBXGroup;
			children = (
				DE71C62F1D84833200521875 /* ProbB.cpp */,
				DE3796E41D846C3E00BB4D55 /* CF-370-P1 */,
				DE3796E31D846C3E00BB4D55 /* Products */,
			);
			sourceTree = "<group>";
		};
		DE3796E31D846C3E00BB4D55 /* Products */ = {
			isa = PBXGroup;
			children = (
				DE3796E21D846C3E00BB4D55 /* CF-370-P1 */,
			);
			name = Products;
			sourceTree = "<group>";
		};
		DE3796E41D846C3E00BB4D55 /* CF-370-P1 */ = {
			isa = PBXGroup;
			children = (
				DE3796E51D846C3E00BB4D55 /* main.cpp */,
			);
			path = "CF-370-P1";
			sourceTree = "<group>";
		};
/* End PBXGroup section */

/* Begin PBXNativeTarget section */
		DE3796E11D846C3E00BB4D55 /* CF-370-P1 */ = {
			isa = PBXNativeTarget;
			buildConfigurationList = DE3796E91D846C3E00BB4D55 /* Build configuration list for PBXNativeTarget "CF-370-P1" */;
			buildPhases = (
				DE3796DE1D846C3E00BB4D55 /* Sources */,
				DE3796DF1D846C3E00BB4D55 /* Frameworks */,
				DE3796E01D846C3E00BB4D55 /* CopyFiles */,
			);
			buildRules = (
			);
			dependencies = (
			);
			name = "CF-370-P1";
			productName = "CF-370-P1";
			productReference = DE3796E21D846C3E00BB4D55 /* CF-370-P1 */;
			productType = "com.apple.product-type.tool";
		};
/* End PBXNativeTarget section */

/* Begin PBXProject section */
		DE3796DA1D846C3E00BB4D55 /* Project object */ = {
			isa = PBXProject;
			attributes = {
				LastUpgradeCheck = 0610;
				ORGANIZATIONNAME = "Kshitij Banerjee";
				TargetAttributes = {
					DE3796E11D846C3E00BB4D55 = {
						CreatedOnToolsVersion = 6.1.1;
					};
				};
			};
			buildConfigurationList = DE3796DD1D846C3E00BB4D55 /* Build configuration list for PBXProject "CF-370-P1" */;
			compatibilityVersion = "Xcode 3.2";
			developmentRegion = English;
			hasScannedForEncodings = 0;
			knownRegions = (
				en,
			);
			mainGroup = DE3796D91D846C3E00BB4D55;
			productRefGroup = DE3796E31D846C3E00BB4D55 /* Products */;
			projectDirPath = "";
			projectRoot = "";
			targets = (
				DE3796E11D846C3E00BB4D55 /* CF-370-P1 */,
			);
		};
/* End PBXProject section */

/* Begin PBXSourcesBuildPhase section */
		DE3796DE1D846C3E00BB4D55 /* Sources */ = {
			isa = PBXSourcesBuildPhase;
			buildActionMask = 2147483647;
			files = (
				DE3796E61D846C3E00BB4D55 /* main.cpp in Sources */,
				DE71C6311D84833200521875 /* ProbB.cpp in Sources */,
			);
			runOnlyForDeploymentPostprocessing = 0;
		};
/* End PBXSourcesBuildPhase section */

/* Begin XCBuildConfiguration section */
		DE3796E71D846C3E00BB4D55 /* Debug */ = {
			isa = XCBuildConfiguration;
			buildSettings = {
				ALWAYS_SEARCH_USER_PATHS = NO;
				CLANG_CXX_LANGUAGE_STANDARD = "gnu++0x";
				CLANG_CXX_LIBRARY = "libc++";
				CLANG_ENABLE_MODULES = YES;
				CLANG_ENABLE_OBJC_ARC = YES;
				CLANG_WARN_BOOL_CONVERSION = YES;
				CLANG_WARN_CONSTANT_CONVERSION = YES;
				CLANG_WARN_DIRECT_OBJC_ISA_USAGE = YES_ERROR;
				CLANG_WARN_EMPTY_BODY = YES;
				CLANG_WARN_ENUM_CONVERSION = YES;
				CLANG_WARN_INT_CONVERSION = YES;
				CLANG_WARN_OBJC_ROOT_CLASS = YES_ERROR;
				CLANG_WARN_UNREACHABLE_CODE = YES;
				CLANG_WARN__DUPLICATE_METHOD_MATCH = YES;
				COPY_PHASE_STRIP = NO;
				ENABLE_STRICT_OBJC_MSGSEND = YES;
				GCC_C_LANGUAGE_STANDARD = gnu99;
				GCC_DYNAMIC_NO_PIC = NO;
				GCC_OPTIMIZATION_LEVEL = 0;
				GCC_PREPROCESSOR_DEFINITIONS = (
					"DEBUG=1",
					"$(inherited)",
				);
				GCC_SYMBOLS_PRIVATE_EXTERN = NO;
				GCC_WARN_64_TO_32_BIT_CONVERSION = YES;
				GCC_WARN_ABOUT_RETURN_TYPE = YES_ERROR;
				GCC_WARN_UNDECLARED_SELECTOR = YES;
				GCC_WARN_UNINITIALIZED_AUTOS = YES_AGGRESSIVE;
				GCC_WARN_UNUSED_FUNCTION = YES;
				GCC_WARN_UNUSED_VARIABLE = YES;
				MACOSX_DEPLOYMENT_TARGET = 10.11;
				MTL_ENABLE_DEBUG_INFO = YES;
				ONLY_ACTIVE_ARCH = YES;
				SDKROOT = macosx;
			};
			name = Debug;
		};
		DE3796E81D846C3E00BB4D55 /* Release */ = {
			isa = XCBuildConfiguration;
			buildSettings = {
				ALWAYS_SEARCH_USER_PATHS = NO;
				CLANG_CXX_LANGUAGE_STANDARD = "gnu++0x";
				CLANG_CXX_LIBRARY = "libc++";
				CLANG_ENABLE_MODULES = YES;
				CLANG_ENABLE_OBJC_ARC = YES;
				CLANG_WARN_BOOL_CONVERSION = YES;
				CLANG_WARN_CONSTANT_CONVERSION = YES;
				CLANG_WARN_DIRECT_OBJC_ISA_USAGE = YES_ERROR;
				CLANG_WARN_EMPTY_BODY = YES;
				CLANG_WARN_ENUM_CONVERSION = YES;
				CLANG_WARN_INT_CONVERSION = YES;
				CLANG_WARN_OBJC_ROOT_CLASS = YES_ERROR;
				CLANG_WARN_UNREACHABLE_CODE = YES;
				CLANG_WARN__DUPLICATE_METHOD_MATCH = YES;
				COPY_PHASE_STRIP = YES;
				DEBUG_INFORMATION_FORMAT = "dwarf-with-dsym";
				ENABLE_NS_ASSERTIONS = NO;
				ENABLE_STRICT_OBJC_MSGSEND = YES;
				GCC_C_LANGUAGE_STANDARD = gnu99;
				GCC_WARN_64_TO_32_BIT_CONVERSION = YES;
				GCC_WARN_ABOUT_RETURN_TYPE = YES_ERROR;
				GCC_WARN_UNDECLARED_SELECTOR = YES;
				GCC_WARN_UNINITIALIZED_AUTOS = YES_AGGRESSIVE;
				GCC_WARN_UNUSED_FUNCTION = YES;
				GCC_WARN_UNUSED_VARIABLE = YES;
				MACOSX_DEPLOYMENT_TARGET = 10.11;
				MTL_ENABLE_DEBUG_INFO = NO;
				SDKROOT = macosx;
			};
			name = Release;
		};
		DE3796EA1D846C3E00BB4D55 /* Debug */ = {
			isa = XCBuildConfiguration;
			buildSettings = {
				PRODUCT_NAME = "$(TARGET_NAME)";
			};
			name = Debug;
		};
		DE3796EB1D846C3E00BB4D55 /* Release */ = {
			isa = XCBuildConfiguration;
			buildSettings = {
				PRODUCT_NAME = "$(TARGET_NAME)";
			};
			name = Release;
		};
/* End XCBuildConfiguration section */

/* Begin XCConfigurationList section */
		DE3796DD1D846C3E00BB4D55 /* Build configuration list for PBXProject "CF-370-P1" */ = {
			isa = XCConfigurationList;
			buildConfigurations = (
				DE3796E71D846C3E00BB4D55 /* Debug */,
				DE3796E81D846C3E00BB4D55 /* Release */,
			);
			defaultConfigurationIsVisible = 0;
			defaultConfigurationName = Release;
		};
		DE3796E91D846C3E00BB4D55 /* Build configuration list for PBXNativeTarget "CF-370-P1" */ = {
			isa = XCConfigurationList;
			buildConfigurations = (
				DE3796EA1D846C3E00BB4D55 /* Debug */,
				DE3796EB1D846C3E00BB4D55 /* Release */,
			);
			defaultConfigurationIsVisible = 0;
			defaultConfigurationName = Release;
		};
/* End XCConfigurationList section */
	};
	rootObject = DE3796DA1D846C3E00BB4D55 /* Project object */;
}
