// !$*UTF8*$!
{
	archiveVersion = 1;
	classes = {
	};
	objectVersion = 46;
	objects = {

/* Begin PBXBuildFile section */
		DE8966BE1D95850500091BB4 /* main.cpp in Sources */ = {isa = PBXBuildFile; fileRef = DE8966BD1D95850500091BB4 /* main.cpp */; };
		DE8966C61D95852100091BB4 /* Queue.cpp in Sources */ = {isa = PBXBuildFile; fileRef = DE8966C41D95852100091BB4 /* Queue.cpp */; };
		DE8966C91D958AA800091BB4 /* Producer.cpp in Sources */ = {isa = PBXBuildFile; fileRef = DE8966C71D958AA800091BB4 /* Producer.cpp */; };
		DE8966CC1D958C9C00091BB4 /* Consumer.cpp in Sources */ = {isa = PBXBuildFile; fileRef = DE8966CA1D958C9C00091BB4 /* Consumer.cpp */; };
/* End PBXBuildFile section */

/* Begin PBXCopyFilesBuildPhase section */
		DE8966B81D95850500091BB4 /* CopyFiles */ = {
			isa = PBXCopyFilesBuildPhase;
			buildActionMask = 2147483647;
			dstPath = /usr/share/man/man1/;
			dstSubfolderSpec = 0;
			files = (
			);
			runOnlyForDeploymentPostprocessing = 1;
		};
/* End PBXCopyFilesBuildPhase section */

/* Begin PBXFileReference section */
		DE8966BA1D95850500091BB4 /* ProducerConsumer */ = {isa = PBXFileReference; explicitFileType = "compiled.mach-o.executable"; includeInIndex = 0; path = ProducerConsumer; sourceTree = BUILT_PRODUCTS_DIR; };
		DE8966BD1D95850500091BB4 /* main.cpp */ = {isa = PBXFileReference; lastKnownFileType = sourcecode.cpp.cpp; path = main.cpp; sourceTree = "<group>"; };
		DE8966C41D95852100091BB4 /* Queue.cpp */ = {isa = PBXFileReference; fileEncoding = 4; lastKnownFileType = sourcecode.cpp.cpp; path = Queue.cpp; sourceTree = "<group>"; };
		DE8966C51D95852100091BB4 /* Queue.hpp */ = {isa = PBXFileReference; fileEncoding = 4; lastKnownFileType = sourcecode.cpp.h; path = Queue.hpp; sourceTree = "<group>"; };
		DE8966C71D958AA800091BB4 /* Producer.cpp */ = {isa = PBXFileReference; fileEncoding = 4; lastKnownFileType = sourcecode.cpp.cpp; path = Producer.cpp; sourceTree = "<group>"; };
		DE8966C81D958AA800091BB4 /* Producer.hpp */ = {isa = PBXFileReference; fileEncoding = 4; lastKnownFileType = sourcecode.cpp.h; path = Producer.hpp; sourceTree = "<group>"; };
		DE8966CA1D958C9C00091BB4 /* Consumer.cpp */ = {isa = PBXFileReference; fileEncoding = 4; lastKnownFileType = sourcecode.cpp.cpp; path = Consumer.cpp; sourceTree = "<group>"; };
		DE8966CB1D958C9C00091BB4 /* Consumer.hpp */ = {isa = PBXFileReference; fileEncoding = 4; lastKnownFileType = sourcecode.cpp.h; path = Consumer.hpp; sourceTree = "<group>"; };
/* End PBXFileReference section */

/* Begin PBXFrameworksBuildPhase section */
		DE8966B71D95850500091BB4 /* Frameworks */ = {
			isa = PBXFrameworksBuildPhase;
			buildActionMask = 2147483647;
			files = (
			);
			runOnlyForDeploymentPostprocessing = 0;
		};
/* End PBXFrameworksBuildPhase section */

/* Begin PBXGroup section */
		DE8966B11D95850500091BB4 = {
			isa = PBXGroup;
			children = (
				DE8966BC1D95850500091BB4 /* ProducerConsumer */,
				DE8966BB1D95850500091BB4 /* Products */,
			);
			sourceTree = "<group>";
		};
		DE8966BB1D95850500091BB4 /* Products */ = {
			isa = PBXGroup;
			children = (
				DE8966BA1D95850500091BB4 /* ProducerConsumer */,
			);
			name = Products;
			sourceTree = "<group>";
		};
		DE8966BC1D95850500091BB4 /* ProducerConsumer */ = {
			isa = PBXGroup;
			children = (
				DE8966BD1D95850500091BB4 /* main.cpp */,
				DE8966C41D95852100091BB4 /* Queue.cpp */,
				DE8966C71D958AA800091BB4 /* Producer.cpp */,
				DE8966C81D958AA800091BB4 /* Producer.hpp */,
				DE8966CA1D958C9C00091BB4 /* Consumer.cpp */,
				DE8966CB1D958C9C00091BB4 /* Consumer.hpp */,
				DE8966C51D95852100091BB4 /* Queue.hpp */,
			);
			path = ProducerConsumer;
			sourceTree = "<group>";
		};
/* End PBXGroup section */

/* Begin PBXNativeTarget section */
		DE8966B91D95850500091BB4 /* ProducerConsumer */ = {
			isa = PBXNativeTarget;
			buildConfigurationList = DE8966C11D95850500091BB4 /* Build configuration list for PBXNativeTarget "ProducerConsumer" */;
			buildPhases = (
				DE8966B61D95850500091BB4 /* Sources */,
				DE8966B71D95850500091BB4 /* Frameworks */,
				DE8966B81D95850500091BB4 /* CopyFiles */,
			);
			buildRules = (
			);
			dependencies = (
			);
			name = ProducerConsumer;
			productName = ProducerConsumer;
			productReference = DE8966BA1D95850500091BB4 /* ProducerConsumer */;
			productType = "com.apple.product-type.tool";
		};
/* End PBXNativeTarget section */

/* Begin PBXProject section */
		DE8966B21D95850500091BB4 /* Project object */ = {
			isa = PBXProject;
			attributes = {
				LastUpgradeCheck = 0730;
				ORGANIZATIONNAME = "Kshitij Banerjee";
				TargetAttributes = {
					DE8966B91D95850500091BB4 = {
						CreatedOnToolsVersion = 7.3.1;
					};
				};
			};
			buildConfigurationList = DE8966B51D95850500091BB4 /* Build configuration list for PBXProject "ProducerConsumer" */;
			compatibilityVersion = "Xcode 3.2";
			developmentRegion = English;
			hasScannedForEncodings = 0;
			knownRegions = (
				en,
			);
			mainGroup = DE8966B11D95850500091BB4;
			productRefGroup = DE8966BB1D95850500091BB4 /* Products */;
			projectDirPath = "";
			projectRoot = "";
			targets = (
				DE8966B91D95850500091BB4 /* ProducerConsumer */,
			);
		};
/* End PBXProject section */

/* Begin PBXSourcesBuildPhase section */
		DE8966B61D95850500091BB4 /* Sources */ = {
			isa = PBXSourcesBuildPhase;
			buildActionMask = 2147483647;
			files = (
				DE8966BE1D95850500091BB4 /* main.cpp in Sources */,
				DE8966CC1D958C9C00091BB4 /* Consumer.cpp in Sources */,
				DE8966C91D958AA800091BB4 /* Producer.cpp in Sources */,
				DE8966C61D95852100091BB4 /* Queue.cpp in Sources */,
			);
			runOnlyForDeploymentPostprocessing = 0;
		};
/* End PBXSourcesBuildPhase section */

/* Begin XCBuildConfiguration section */
		DE8966BF1D95850500091BB4 /* Debug */ = {
			isa = XCBuildConfiguration;
			buildSettings = {
				ALWAYS_SEARCH_USER_PATHS = NO;
				CLANG_ANALYZER_NONNULL = YES;
				CLANG_CXX_LANGUAGE_STANDARD = "gnu++0x";
				CLANG_CXX_LIBRARY = "libc++";
				CLANG_ENABLE_MODULES = YES;
				CLANG_ENABLE_OBJC_ARC = YES;
				CLANG_WARN_BOOL_CONVERSION = YES;
				CLANG_WARN_CONSTANT_CONVERSION = YES;
				CLANG_WARN_DIRECT_OBJC_ISA_USAGE = YES_ERROR;
				CLANG_WARN_EMPTY_BODY = YES;
				CLANG_WARN_ENUM_CONVERSION = YES;
				CLANG_WARN_INT_CONVERSION = YES;
				CLANG_WARN_OBJC_ROOT_CLASS = YES_ERROR;
				CLANG_WARN_UNREACHABLE_CODE = YES;
				CLANG_WARN__DUPLICATE_METHOD_MATCH = YES;
				CODE_SIGN_IDENTITY = "-";
				COPY_PHASE_STRIP = NO;
				DEBUG_INFORMATION_FORMAT = dwarf;
				ENABLE_STRICT_OBJC_MSGSEND = YES;
				ENABLE_TESTABILITY = YES;
				GCC_C_LANGUAGE_STANDARD = gnu99;
				GCC_DYNAMIC_NO_PIC = NO;
				GCC_NO_COMMON_BLOCKS = YES;
				GCC_OPTIMIZATION_LEVEL = 0;
				GCC_PREPROCESSOR_DEFINITIONS = (
					"DEBUG=1",
					"$(inherited)",
				);
				GCC_WARN_64_TO_32_BIT_CONVERSION = YES;
				GCC_WARN_ABOUT_RETURN_TYPE = YES_ERROR;
				GCC_WARN_UNDECLARED_SELECTOR = YES;
				GCC_WARN_UNINITIALIZED_AUTOS = YES_AGGRESSIVE;
				GCC_WARN_UNUSED_FUNCTION = YES;
				GCC_WARN_UNUSED_VARIABLE = YES;
				MACOSX_DEPLOYMENT_TARGET = 10.11;
				MTL_ENABLE_DEBUG_INFO = YES;
				ONLY_ACTIVE_ARCH = YES;
				SDKROOT = macosx;
			};
			name = Debug;
		};
		DE8966C01D95850500091BB4 /* Release */ = {
			isa = XCBuildConfiguration;
			buildSettings = {
				ALWAYS_SEARCH_USER_PATHS = NO;
				CLANG_ANALYZER_NONNULL = YES;
				CLANG_CXX_LANGUAGE_STANDARD = "gnu++0x";
				CLANG_CXX_LIBRARY = "libc++";
				CLANG_ENABLE_MODULES = YES;
				CLANG_ENABLE_OBJC_ARC = YES;
				CLANG_WARN_BOOL_CONVERSION = YES;
				CLANG_WARN_CONSTANT_CONVERSION = YES;
				CLANG_WARN_DIRECT_OBJC_ISA_USAGE = YES_ERROR;
				CLANG_WARN_EMPTY_BODY = YES;
				CLANG_WARN_ENUM_CONVERSION = YES;
				CLANG_WARN_INT_CONVERSION = YES;
				CLANG_WARN_OBJC_ROOT_CLASS = YES_ERROR;
				CLANG_WARN_UNREACHABLE_CODE = YES;
				CLANG_WARN__DUPLICATE_METHOD_MATCH = YES;
				CODE_SIGN_IDENTITY = "-";
				COPY_PHASE_STRIP = NO;
				DEBUG_INFORMATION_FORMAT = "dwarf-with-dsym";
				ENABLE_NS_ASSERTIONS = NO;
				ENABLE_STRICT_OBJC_MSGSEND = YES;
				GCC_C_LANGUAGE_STANDARD = gnu99;
				GCC_NO_COMMON_BLOCKS = YES;
				GCC_WARN_64_TO_32_BIT_CONVERSION = YES;
				GCC_WARN_ABOUT_RETURN_TYPE = YES_ERROR;
				GCC_WARN_UNDECLARED_SELECTOR = YES;
				GCC_WARN_UNINITIALIZED_AUTOS = YES_AGGRESSIVE;
				GCC_WARN_UNUSED_FUNCTION = YES;
				GCC_WARN_UNUSED_VARIABLE = YES;
				MACOSX_DEPLOYMENT_TARGET = 10.11;
				MTL_ENABLE_DEBUG_INFO = NO;
				SDKROOT = macosx;
			};
			name = Release;
		};
		DE8966C21D95850500091BB4 /* Debug */ = {
			isa = XCBuildConfiguration;
			buildSettings = {
				PRODUCT_NAME = "$(TARGET_NAME)";
			};
			name = Debug;
		};
		DE8966C31D95850500091BB4 /* Release */ = {
			isa = XCBuildConfiguration;
			buildSettings = {
				PRODUCT_NAME = "$(TARGET_NAME)";
			};
			name = Release;
		};
/* End XCBuildConfiguration section */

/* Begin XCConfigurationList section */
		DE8966B51D95850500091BB4 /* Build configuration list for PBXProject "ProducerConsumer" */ = {
			isa = XCConfigurationList;
			buildConfigurations = (
				DE8966BF1D95850500091BB4 /* Debug */,
				DE8966C01D95850500091BB4 /* Release */,
			);
			defaultConfigurationIsVisible = 0;
			defaultConfigurationName = Release;
		};
		DE8966C11D95850500091BB4 /* Build configuration list for PBXNativeTarget "ProducerConsumer" */ = {
			isa = XCConfigurationList;
			buildConfigurations = (
				DE8966C21D95850500091BB4 /* Debug */,
				DE8966C31D95850500091BB4 /* Release */,
			);
			defaultConfigurationIsVisible = 0;
			defaultConfigurationName = Release;
		};
/* End XCConfigurationList section */
	};
	rootObject = DE8966B21D95850500091BB4 /* Project object */;
}
