// !$*UTF8*$!
{
	archiveVersion = 1;
	classes = {
	};
	objectVersion = 46;
	objects = {

/* Begin PBXBuildFile section */
		DE48CFE81DFD722D004B02AF /* main.cpp in Sources */ = {isa = PBXBuildFile; fileRef = DE48CFE71DFD722D004B02AF /* main.cpp */; };
		DE48CFEF1DFD865E004B02AF /* main.cp in Sources */ = {isa = PBXBuildFile; fileRef = DE48CFEE1DFD865E004B02AF /* main.cp */; };
/* End PBXBuildFile section */

/* Begin PBXCopyFilesBuildPhase section */
		DE48CFE21DFD722D004B02AF /* CopyFiles */ = {
			isa = PBXCopyFilesBuildPhase;
			buildActionMask = 2147483647;
			dstPath = /usr/share/man/man1/;
			dstSubfolderSpec = 0;
			files = (
			);
			runOnlyForDeploymentPostprocessing = 1;
		};
/* End PBXCopyFilesBuildPhase section */

/* Begin PBXFileReference section */
		DE48CFE41DFD722D004B02AF /* IB-BuySellStocksIII */ = {isa = PBXFileReference; explicitFileType = "compiled.mach-o.executable"; includeInIndex = 0; path = "IB-BuySellStocksIII"; sourceTree = BUILT_PRODUCTS_DIR; };
		DE48CFE71DFD722D004B02AF /* main.cpp */ = {isa = PBXFileReference; lastKnownFileType = sourcecode.cpp.cpp; path = main.cpp; sourceTree = "<group>"; };
		DE48CFEE1DFD865E004B02AF /* main.cp */ = {isa = PBXFileReference; fileEncoding = 4; lastKnownFileType = sourcecode.cpp.cpp; path = main.cp; sourceTree = "<group>"; };
/* End PBXFileReference section */

/* Begin PBXFrameworksBuildPhase section */
		DE48CFE11DFD722D004B02AF /* Frameworks */ = {
			isa = PBXFrameworksBuildPhase;
			buildActionMask = 2147483647;
			files = (
			);
			runOnlyForDeploymentPostprocessing = 0;
		};
/* End PBXFrameworksBuildPhase section */

/* Begin PBXGroup section */
		DE48CFDB1DFD722C004B02AF = {
			isa = PBXGroup;
			children = (
				DE48CFE61DFD722D004B02AF /* IB-BuySellStocksIII */,
				DE48CFE51DFD722D004B02AF /* Products */,
			);
			sourceTree = "<group>";
		};
		DE48CFE51DFD722D004B02AF /* Products */ = {
			isa = PBXGroup;
			children = (
				DE48CFE41DFD722D004B02AF /* IB-BuySellStocksIII */,
			);
			name = Products;
			sourceTree = "<group>";
		};
		DE48CFE61DFD722D004B02AF /* IB-BuySellStocksIII */ = {
			isa = PBXGroup;
			children = (
				DE48CFE71DFD722D004B02AF /* main.cpp */,
				DE48CFEE1DFD865E004B02AF /* main.cp */,
			);
			path = "IB-BuySellStocksIII";
			sourceTree = "<group>";
		};
/* End PBXGroup section */

/* Begin PBXNativeTarget section */
		DE48CFE31DFD722D004B02AF /* IB-BuySellStocksIII */ = {
			isa = PBXNativeTarget;
			buildConfigurationList = DE48CFEB1DFD722D004B02AF /* Build configuration list for PBXNativeTarget "IB-BuySellStocksIII" */;
			buildPhases = (
				DE48CFE01DFD722D004B02AF /* Sources */,
				DE48CFE11DFD722D004B02AF /* Frameworks */,
				DE48CFE21DFD722D004B02AF /* CopyFiles */,
			);
			buildRules = (
			);
			dependencies = (
			);
			name = "IB-BuySellStocksIII";
			productName = "IB-BuySellStocksIII";
			productReference = DE48CFE41DFD722D004B02AF /* IB-BuySellStocksIII */;
			productType = "com.apple.product-type.tool";
		};
/* End PBXNativeTarget section */

/* Begin PBXProject section */
		DE48CFDC1DFD722D004B02AF /* Project object */ = {
			isa = PBXProject;
			attributes = {
				LastUpgradeCheck = 0810;
				ORGANIZATIONNAME = "Kshitij Banerjee";
				TargetAttributes = {
					DE48CFE31DFD722D004B02AF = {
						CreatedOnToolsVersion = 8.1;
						ProvisioningStyle = Automatic;
					};
				};
			};
			buildConfigurationList = DE48CFDF1DFD722D004B02AF /* Build configuration list for PBXProject "IB-BuySellStocksIII" */;
			compatibilityVersion = "Xcode 3.2";
			developmentRegion = English;
			hasScannedForEncodings = 0;
			knownRegions = (
				en,
			);
			mainGroup = DE48CFDB1DFD722C004B02AF;
			productRefGroup = DE48CFE51DFD722D004B02AF /* Products */;
			projectDirPath = "";
			projectRoot = "";
			targets = (
				DE48CFE31DFD722D004B02AF /* IB-BuySellStocksIII */,
			);
		};
/* End PBXProject section */

/* Begin PBXSourcesBuildPhase section */
		DE48CFE01DFD722D004B02AF /* Sources */ = {
			isa = PBXSourcesBuildPhase;
			buildActionMask = 2147483647;
			files = (
				DE48CFE81DFD722D004B02AF /* main.cpp in Sources */,
				DE48CFEF1DFD865E004B02AF /* main.cp in Sources */,
			);
			runOnlyForDeploymentPostprocessing = 0;
		};
/* End PBXSourcesBuildPhase section */

/* Begin XCBuildConfiguration section */
		DE48CFE91DFD722D004B02AF /* Debug */ = {
			isa = XCBuildConfiguration;
			buildSettings = {
				ALWAYS_SEARCH_USER_PATHS = NO;
				CLANG_ANALYZER_NONNULL = YES;
				CLANG_CXX_LANGUAGE_STANDARD = "gnu++0x";
				CLANG_CXX_LIBRARY = "libc++";
				CLANG_ENABLE_MODULES = YES;
				CLANG_ENABLE_OBJC_ARC = YES;
				CLANG_WARN_BOOL_CONVERSION = YES;
				CLANG_WARN_CONSTANT_CONVERSION = YES;
				CLANG_WARN_DIRECT_OBJC_ISA_USAGE = YES_ERROR;
				CLANG_WARN_DOCUMENTATION_COMMENTS = YES;
				CLANG_WARN_EMPTY_BODY = YES;
				CLANG_WARN_ENUM_CONVERSION = YES;
				CLANG_WARN_INFINITE_RECURSION = YES;
				CLANG_WARN_INT_CONVERSION = YES;
				CLANG_WARN_OBJC_ROOT_CLASS = YES_ERROR;
				CLANG_WARN_SUSPICIOUS_MOVES = YES;
				CLANG_WARN_UNREACHABLE_CODE = YES;
				CLANG_WARN__DUPLICATE_METHOD_MATCH = YES;
				CODE_SIGN_IDENTITY = "-";
				COPY_PHASE_STRIP = NO;
				DEBUG_INFORMATION_FORMAT = dwarf;
				ENABLE_STRICT_OBJC_MSGSEND = YES;
				ENABLE_TESTABILITY = YES;
				GCC_C_LANGUAGE_STANDARD = gnu99;
				GCC_DYNAMIC_NO_PIC = NO;
				GCC_NO_COMMON_BLOCKS = YES;
				GCC_OPTIMIZATION_LEVEL = 0;
				GCC_PREPROCESSOR_DEFINITIONS = (
					"DEBUG=1",
					"$(inherited)",
				);
				GCC_WARN_64_TO_32_BIT_CONVERSION = YES;
				GCC_WARN_ABOUT_RETURN_TYPE = YES_ERROR;
				GCC_WARN_UNDECLARED_SELECTOR = YES;
				GCC_WARN_UNINITIALIZED_AUTOS = YES_AGGRESSIVE;
				GCC_WARN_UNUSED_FUNCTION = YES;
				GCC_WARN_UNUSED_VARIABLE = YES;
				MACOSX_DEPLOYMENT_TARGET = 10.11;
				MTL_ENABLE_DEBUG_INFO = YES;
				ONLY_ACTIVE_ARCH = YES;
				SDKROOT = macosx;
			};
			name = Debug;
		};
		DE48CFEA1DFD722D004B02AF /* Release */ = {
			isa = XCBuildConfiguration;
			buildSettings = {
				ALWAYS_SEARCH_USER_PATHS = NO;
				CLANG_ANALYZER_NONNULL = YES;
				CLANG_CXX_LANGUAGE_STANDARD = "gnu++0x";
				CLANG_CXX_LIBRARY = "libc++";
				CLANG_ENABLE_MODULES = YES;
				CLANG_ENABLE_OBJC_ARC = YES;
				CLANG_WARN_BOOL_CONVERSION = YES;
				CLANG_WARN_CONSTANT_CONVERSION = YES;
				CLANG_WARN_DIRECT_OBJC_ISA_USAGE = YES_ERROR;
				CLANG_WARN_DOCUMENTATION_COMMENTS = YES;
				CLANG_WARN_EMPTY_BODY = YES;
				CLANG_WARN_ENUM_CONVERSION = YES;
				CLANG_WARN_INFINITE_RECURSION = YES;
				CLANG_WARN_INT_CONVERSION = YES;
				CLANG_WARN_OBJC_ROOT_CLASS = YES_ERROR;
				CLANG_WARN_SUSPICIOUS_MOVES = YES;
				CLANG_WARN_UNREACHABLE_CODE = YES;
				CLANG_WARN__DUPLICATE_METHOD_MATCH = YES;
				CODE_SIGN_IDENTITY = "-";
				COPY_PHASE_STRIP = NO;
				DEBUG_INFORMATION_FORMAT = "dwarf-with-dsym";
				ENABLE_NS_ASSERTIONS = NO;
				ENABLE_STRICT_OBJC_MSGSEND = YES;
				GCC_C_LANGUAGE_STANDARD = gnu99;
				GCC_NO_COMMON_BLOCKS = YES;
				GCC_WARN_64_TO_32_BIT_CONVERSION = YES;
				GCC_WARN_ABOUT_RETURN_TYPE = YES_ERROR;
				GCC_WARN_UNDECLARED_SELECTOR = YES;
				GCC_WARN_UNINITIALIZED_AUTOS = YES_AGGRESSIVE;
				GCC_WARN_UNUSED_FUNCTION = YES;
				GCC_WARN_UNUSED_VARIABLE = YES;
				MACOSX_DEPLOYMENT_TARGET = 10.11;
				MTL_ENABLE_DEBUG_INFO = NO;
				SDKROOT = macosx;
			};
			name = Release;
		};
		DE48CFEC1DFD722D004B02AF /* Debug */ = {
			isa = XCBuildConfiguration;
			buildSettings = {
				PRODUCT_NAME = "$(TARGET_NAME)";
			};
			name = Debug;
		};
		DE48CFED1DFD722D004B02AF /* Release */ = {
			isa = XCBuildConfiguration;
			buildSettings = {
				PRODUCT_NAME = "$(TARGET_NAME)";
			};
			name = Release;
		};
/* End XCBuildConfiguration section */

/* Begin XCConfigurationList section */
		DE48CFDF1DFD722D004B02AF /* Build configuration list for PBXProject "IB-BuySellStocksIII" */ = {
			isa = XCConfigurationList;
			buildConfigurations = (
				DE48CFE91DFD722D004B02AF /* Debug */,
				DE48CFEA1DFD722D004B02AF /* Release */,
			);
			defaultConfigurationIsVisible = 0;
			defaultConfigurationName = Release;
		};
		DE48CFEB1DFD722D004B02AF /* Build configuration list for PBXNativeTarget "IB-BuySellStocksIII" */ = {
			isa = XCConfigurationList;
			buildConfigurations = (
				DE48CFEC1DFD722D004B02AF /* Debug */,
				DE48CFED1DFD722D004B02AF /* Release */,
			);
			defaultConfigurationIsVisible = 0;
		};
/* End XCConfigurationList section */
	};
	rootObject = DE48CFDC1DFD722D004B02AF /* Project object */;
}
